
Microsoft Visual Studio Solution File, Format Version 12.00
# Visual Studio Version 18
VisualStudioVersion = 18.1.11312.151 d18.0
MinimumVisualStudioVersion = 10.0.40219.1
Project("{FAE04EC0-301F-11D3-BF4B-00C04F79EFBC}") = "MaIN.Infrastructure", "src\MaIN.Infrastructure\MaIN.Infrastructure.csproj", "{84C09EF9-B9E3-4ACB-9BC3-DEFFC29D528F}"
EndProject
Project("{FAE04EC0-301F-11D3-BF4B-00C04F79EFBC}") = "MaIN.Services", "src\MaIN.Services\MaIN.Services.csproj", "{35DBE637-EC89-40A7-B5F9-D005D554E8ED}"
EndProject
Project("{FAE04EC0-301F-11D3-BF4B-00C04F79EFBC}") = "MaIN.Domain", "src\MaIN.Domain\MaIN.Domain.csproj", "{4DEF4AA6-DFD8-4626-B8BE-2F773B12FE0C}"
EndProject
Project("{FAE04EC0-301F-11D3-BF4B-00C04F79EFBC}") = "MaIN.Core", "src\MaIN.Core\MaIN.Core.csproj", "{E3CFD135-0339-4539-A5FB-96CBE92A8EA7}"
EndProject
Project("{2150E333-8FDC-42A3-9474-1A3956D46DE8}") = "Examples", "Examples", "{28851935-517F-438D-BF7C-02FEB1A37A68}"
EndProject
Project("{FAE04EC0-301F-11D3-BF4B-00C04F79EFBC}") = "Examples", "Examples\Examples\Examples.csproj", "{781BDD20-65BA-4C5D-815B-D8A15931570A}"
EndProject
Project("{2150E333-8FDC-42A3-9474-1A3956D46DE8}") = "Tests", "Tests", "{53D24B04-279D-4D18-8829-EA0F57AE69F3}"
EndProject
Project("{FAE04EC0-301F-11D3-BF4B-00C04F79EFBC}") = "MaIN.Core.UnitTests", "src\MaIN.Core.UnitTests\MaIN.Core.UnitTests.csproj", "{46E6416B-1736-478C-B697-B37BB8E6A23E}"
EndProject
Project("{FAE04EC0-301F-11D3-BF4B-00C04F79EFBC}") = "Examples.SimpleConsole", "Examples\Examples.SimpleConsole\Examples.SimpleConsole.csproj", "{75DEBB8A-75CD-44BA-9369-3916950428EF}"
EndProject
Project("{FAE04EC0-301F-11D3-BF4B-00C04F79EFBC}") = "MaIN.InferPage", "src\MaIN.InferPage\MaIN.InferPage.csproj", "{B691188A-1170-489D-8729-A13108C12C57}"
EndProject
Project("{FAE04EC0-301F-11D3-BF4B-00C04F79EFBC}") = "MaIN.Core.IntegrationTests", "MaIN.Core.IntegrationTests\MaIN.Core.IntegrationTests.csproj", "{2C15062A-E9F6-47FC-A4CD-1190A49E3FE3}"
EndProject
Project("{FAE04EC0-301F-11D3-BF4B-00C04F79EFBC}") = "Test", "Test\Test.csproj", "{EC6B1BDC-EA44-41C9-86AB-ED9CF1AC35B7}"
EndProject
Global
	GlobalSection(SolutionConfigurationPlatforms) = preSolution
		Debug|Any CPU = Debug|Any CPU
		Release|Any CPU = Release|Any CPU
	EndGlobalSection
	GlobalSection(ProjectConfigurationPlatforms) = postSolution
		{84C09EF9-B9E3-4ACB-9BC3-DEFFC29D528F}.Debug|Any CPU.ActiveCfg = Debug|Any CPU
		{84C09EF9-B9E3-4ACB-9BC3-DEFFC29D528F}.Debug|Any CPU.Build.0 = Debug|Any CPU
		{84C09EF9-B9E3-4ACB-9BC3-DEFFC29D528F}.Release|Any CPU.ActiveCfg = Release|Any CPU
		{84C09EF9-B9E3-4ACB-9BC3-DEFFC29D528F}.Release|Any CPU.Build.0 = Release|Any CPU
		{35DBE637-EC89-40A7-B5F9-D005D554E8ED}.Debug|Any CPU.ActiveCfg = Debug|Any CPU
		{35DBE637-EC89-40A7-B5F9-D005D554E8ED}.Debug|Any CPU.Build.0 = Debug|Any CPU
		{35DBE637-EC89-40A7-B5F9-D005D554E8ED}.Release|Any CPU.ActiveCfg = Release|Any CPU
		{35DBE637-EC89-40A7-B5F9-D005D554E8ED}.Release|Any CPU.Build.0 = Release|Any CPU
		{4DEF4AA6-DFD8-4626-B8BE-2F773B12FE0C}.Debug|Any CPU.ActiveCfg = Debug|Any CPU
		{4DEF4AA6-DFD8-4626-B8BE-2F773B12FE0C}.Debug|Any CPU.Build.0 = Debug|Any CPU
		{4DEF4AA6-DFD8-4626-B8BE-2F773B12FE0C}.Release|Any CPU.ActiveCfg = Release|Any CPU
		{4DEF4AA6-DFD8-4626-B8BE-2F773B12FE0C}.Release|Any CPU.Build.0 = Release|Any CPU
		{E3CFD135-0339-4539-A5FB-96CBE92A8EA7}.Debug|Any CPU.ActiveCfg = Debug|Any CPU
		{E3CFD135-0339-4539-A5FB-96CBE92A8EA7}.Debug|Any CPU.Build.0 = Debug|Any CPU
		{E3CFD135-0339-4539-A5FB-96CBE92A8EA7}.Release|Any CPU.ActiveCfg = Release|Any CPU
		{E3CFD135-0339-4539-A5FB-96CBE92A8EA7}.Release|Any CPU.Build.0 = Release|Any CPU
		{781BDD20-65BA-4C5D-815B-D8A15931570A}.Debug|Any CPU.ActiveCfg = Debug|Any CPU
		{781BDD20-65BA-4C5D-815B-D8A15931570A}.Debug|Any CPU.Build.0 = Debug|Any CPU
		{781BDD20-65BA-4C5D-815B-D8A15931570A}.Release|Any CPU.ActiveCfg = Release|Any CPU
		{781BDD20-65BA-4C5D-815B-D8A15931570A}.Release|Any CPU.Build.0 = Release|Any CPU
		{46E6416B-1736-478C-B697-B37BB8E6A23E}.Debug|Any CPU.ActiveCfg = Debug|Any CPU
		{46E6416B-1736-478C-B697-B37BB8E6A23E}.Debug|Any CPU.Build.0 = Debug|Any CPU
		{46E6416B-1736-478C-B697-B37BB8E6A23E}.Release|Any CPU.ActiveCfg = Release|Any CPU
		{46E6416B-1736-478C-B697-B37BB8E6A23E}.Release|Any CPU.Build.0 = Release|Any CPU
		{75DEBB8A-75CD-44BA-9369-3916950428EF}.Debug|Any CPU.ActiveCfg = Debug|Any CPU
		{75DEBB8A-75CD-44BA-9369-3916950428EF}.Debug|Any CPU.Build.0 = Debug|Any CPU
		{75DEBB8A-75CD-44BA-9369-3916950428EF}.Release|Any CPU.ActiveCfg = Release|Any CPU
		{75DEBB8A-75CD-44BA-9369-3916950428EF}.Release|Any CPU.Build.0 = Release|Any CPU
		{B691188A-1170-489D-8729-A13108C12C57}.Debug|Any CPU.ActiveCfg = Debug|Any CPU
		{B691188A-1170-489D-8729-A13108C12C57}.Debug|Any CPU.Build.0 = Debug|Any CPU
		{B691188A-1170-489D-8729-A13108C12C57}.Release|Any CPU.ActiveCfg = Release|Any CPU
		{B691188A-1170-489D-8729-A13108C12C57}.Release|Any CPU.Build.0 = Release|Any CPU
		{2C15062A-E9F6-47FC-A4CD-1190A49E3FE3}.Debug|Any CPU.ActiveCfg = Debug|Any CPU
		{2C15062A-E9F6-47FC-A4CD-1190A49E3FE3}.Debug|Any CPU.Build.0 = Debug|Any CPU
		{2C15062A-E9F6-47FC-A4CD-1190A49E3FE3}.Release|Any CPU.ActiveCfg = Release|Any CPU
		{2C15062A-E9F6-47FC-A4CD-1190A49E3FE3}.Release|Any CPU.Build.0 = Release|Any CPU
		{EC6B1BDC-EA44-41C9-86AB-ED9CF1AC35B7}.Debug|Any CPU.ActiveCfg = Debug|Any CPU
		{EC6B1BDC-EA44-41C9-86AB-ED9CF1AC35B7}.Debug|Any CPU.Build.0 = Debug|Any CPU
		{EC6B1BDC-EA44-41C9-86AB-ED9CF1AC35B7}.Release|Any CPU.ActiveCfg = Release|Any CPU
		{EC6B1BDC-EA44-41C9-86AB-ED9CF1AC35B7}.Release|Any CPU.Build.0 = Release|Any CPU
	EndGlobalSection
	GlobalSection(SolutionProperties) = preSolution
		HideSolutionNode = FALSE
	EndGlobalSection
	GlobalSection(NestedProjects) = preSolution
		{781BDD20-65BA-4C5D-815B-D8A15931570A} = {28851935-517F-438D-BF7C-02FEB1A37A68}
		{46E6416B-1736-478C-B697-B37BB8E6A23E} = {53D24B04-279D-4D18-8829-EA0F57AE69F3}
		{75DEBB8A-75CD-44BA-9369-3916950428EF} = {28851935-517F-438D-BF7C-02FEB1A37A68}
		{2C15062A-E9F6-47FC-A4CD-1190A49E3FE3} = {53D24B04-279D-4D18-8829-EA0F57AE69F3}
		{EC6B1BDC-EA44-41C9-86AB-ED9CF1AC35B7} = {28851935-517F-438D-BF7C-02FEB1A37A68}
	EndGlobalSection
	GlobalSection(ExtensibilityGlobals) = postSolution
		SolutionGuid = {82494AB7-60FC-49E3-B37C-B9785FB0DE7A}
	EndGlobalSection
EndGlobal
