
Microsoft Visual Studio Solution File, Format Version 12.00
Project("{FAE04EC0-301F-11D3-BF4B-00C04F79EFBC}") = "MaIN", "src\MaIN\MaIN.csproj", "{7E8DD6E0-F9A8-4BD0-8733-49F0F2F4FCA0}"
EndProject
Project("{FAE04EC0-301F-11D3-BF4B-00C04F79EFBC}") = "Main.Infrastructure", "src\MaIN.Infrastructure\MaIN.Infrastructure.csproj", "{84C09EF9-B9E3-4ACB-9BC3-DEFFC29D528F}"
EndProject
Project("{FAE04EC0-301F-11D3-BF4B-00C04F79EFBC}") = "MaIN.Services", "src\MaIN.Services\MaIN.Services.csproj", "{35DBE637-EC89-40A7-B5F9-D005D554E8ED}"
EndProject
Project("{FAE04EC0-301F-11D3-BF4B-00C04F79EFBC}") = "MaIN.Domain", "src\MaIN.Domain\MaIN.Domain.csproj", "{4DEF4AA6-DFD8-4626-B8BE-2F773B12FE0C}"
EndProject
Project("{FAE04EC0-301F-11D3-BF4B-00C04F79EFBC}") = "MaIN.RAG.Demo", "src\MaIN.RAG.Demo\MaIN.RAG.Demo.csproj", "{2351B015-EA33-42F3-A844-CECABF140E9A}"
EndProject
Project("{FAE04EC0-301F-11D3-BF4B-00C04F79EFBC}") = "MaIN.Core", "src\MaIN.Core\MaIN.Core.csproj", "{E3CFD135-0339-4539-A5FB-96CBE92A8EA7}"
EndProject
Project("{2150E333-8FDC-42A3-9474-1A3956D46DE8}") = "Examples", "Examples", "{28851935-517F-438D-BF7C-02FEB1A37A68}"
EndProject
Project("{FAE04EC0-301F-11D3-BF4B-00C04F79EFBC}") = "Examples", "Examples\Examples\Examples.csproj", "{781BDD20-65BA-4C5D-815B-D8A15931570A}"
EndProject
Project("{FAE04EC0-301F-11D3-BF4B-00C04F79EFBC}") = "MaIN.Server", "MaIN.Server\MaIN.Server.csproj", "{F29916C3-3A0E-49D7-BCC6-D918EFBF0CE4}"
EndProject
Project("{2150E333-8FDC-42A3-9474-1A3956D46DE8}") = "Tests", "Tests", "{53D24B04-279D-4D18-8829-EA0F57AE69F3}"
EndProject
Project("{FAE04EC0-301F-11D3-BF4B-00C04F79EFBC}") = "MaIN.Core.UnitTests", "src\MaIN.Core.UnitTests\MaIN.Core.UnitTests.csproj", "{46E6416B-1736-478C-B697-B37BB8E6A23E}"
EndProject
Project("{FAE04EC0-301F-11D3-BF4B-00C04F79EFBC}") = "Examples.SimpleConsole", "Examples\Examples.SimpleConsole\Examples.SimpleConsole.csproj", "{75DEBB8A-75CD-44BA-9369-3916950428EF}"
EndProject
Global
	GlobalSection(SolutionConfigurationPlatforms) = preSolution
		Debug|Any CPU = Debug|Any CPU
		Release|Any CPU = Release|Any CPU
	EndGlobalSection
	GlobalSection(ProjectConfigurationPlatforms) = postSolution
		{7E8DD6E0-F9A8-4BD0-8733-49F0F2F4FCA0}.Debug|Any CPU.ActiveCfg = Debug|Any CPU
		{7E8DD6E0-F9A8-4BD0-8733-49F0F2F4FCA0}.Debug|Any CPU.Build.0 = Debug|Any CPU
		{7E8DD6E0-F9A8-4BD0-8733-49F0F2F4FCA0}.Release|Any CPU.ActiveCfg = Release|Any CPU
		{7E8DD6E0-F9A8-4BD0-8733-49F0F2F4FCA0}.Release|Any CPU.Build.0 = Release|Any CPU
		{84C09EF9-B9E3-4ACB-9BC3-DEFFC29D528F}.Debug|Any CPU.ActiveCfg = Debug|Any CPU
		{84C09EF9-B9E3-4ACB-9BC3-DEFFC29D528F}.Debug|Any CPU.Build.0 = Debug|Any CPU
		{84C09EF9-B9E3-4ACB-9BC3-DEFFC29D528F}.Release|Any CPU.ActiveCfg = Release|Any CPU
		{84C09EF9-B9E3-4ACB-9BC3-DEFFC29D528F}.Release|Any CPU.Build.0 = Release|Any CPU
		{35DBE637-EC89-40A7-B5F9-D005D554E8ED}.Debug|Any CPU.ActiveCfg = Debug|Any CPU
		{35DBE637-EC89-40A7-B5F9-D005D554E8ED}.Debug|Any CPU.Build.0 = Debug|Any CPU
		{35DBE637-EC89-40A7-B5F9-D005D554E8ED}.Release|Any CPU.ActiveCfg = Release|Any CPU
		{35DBE637-EC89-40A7-B5F9-D005D554E8ED}.Release|Any CPU.Build.0 = Release|Any CPU
		{4DEF4AA6-DFD8-4626-B8BE-2F773B12FE0C}.Debug|Any CPU.ActiveCfg = Debug|Any CPU
		{4DEF4AA6-DFD8-4626-B8BE-2F773B12FE0C}.Debug|Any CPU.Build.0 = Debug|Any CPU
		{4DEF4AA6-DFD8-4626-B8BE-2F773B12FE0C}.Release|Any CPU.ActiveCfg = Release|Any CPU
		{4DEF4AA6-DFD8-4626-B8BE-2F773B12FE0C}.Release|Any CPU.Build.0 = Release|Any CPU
		{2351B015-EA33-42F3-A844-CECABF140E9A}.Debug|Any CPU.ActiveCfg = Debug|Any CPU
		{2351B015-EA33-42F3-A844-CECABF140E9A}.Debug|Any CPU.Build.0 = Debug|Any CPU
		{2351B015-EA33-42F3-A844-CECABF140E9A}.Release|Any CPU.ActiveCfg = Release|Any CPU
		{2351B015-EA33-42F3-A844-CECABF140E9A}.Release|Any CPU.Build.0 = Release|Any CPU
		{E3CFD135-0339-4539-A5FB-96CBE92A8EA7}.Debug|Any CPU.ActiveCfg = Debug|Any CPU
		{E3CFD135-0339-4539-A5FB-96CBE92A8EA7}.Debug|Any CPU.Build.0 = Debug|Any CPU
		{E3CFD135-0339-4539-A5FB-96CBE92A8EA7}.Release|Any CPU.ActiveCfg = Release|Any CPU
		{E3CFD135-0339-4539-A5FB-96CBE92A8EA7}.Release|Any CPU.Build.0 = Release|Any CPU
		{781BDD20-65BA-4C5D-815B-D8A15931570A}.Debug|Any CPU.ActiveCfg = Debug|Any CPU
		{781BDD20-65BA-4C5D-815B-D8A15931570A}.Debug|Any CPU.Build.0 = Debug|Any CPU
		{781BDD20-65BA-4C5D-815B-D8A15931570A}.Release|Any CPU.ActiveCfg = Release|Any CPU
		{781BDD20-65BA-4C5D-815B-D8A15931570A}.Release|Any CPU.Build.0 = Release|Any CPU
		{F29916C3-3A0E-49D7-BCC6-D918EFBF0CE4}.Debug|Any CPU.ActiveCfg = Debug|Any CPU
		{F29916C3-3A0E-49D7-BCC6-D918EFBF0CE4}.Debug|Any CPU.Build.0 = Debug|Any CPU
		{F29916C3-3A0E-49D7-BCC6-D918EFBF0CE4}.Release|Any CPU.ActiveCfg = Release|Any CPU
		{F29916C3-3A0E-49D7-BCC6-D918EFBF0CE4}.Release|Any CPU.Build.0 = Release|Any CPU
		{46E6416B-1736-478C-B697-B37BB8E6A23E}.Debug|Any CPU.ActiveCfg = Debug|Any CPU
		{46E6416B-1736-478C-B697-B37BB8E6A23E}.Debug|Any CPU.Build.0 = Debug|Any CPU
		{46E6416B-1736-478C-B697-B37BB8E6A23E}.Release|Any CPU.ActiveCfg = Release|Any CPU
		{46E6416B-1736-478C-B697-B37BB8E6A23E}.Release|Any CPU.Build.0 = Release|Any CPU
		{75DEBB8A-75CD-44BA-9369-3916950428EF}.Debug|Any CPU.ActiveCfg = Debug|Any CPU
		{75DEBB8A-75CD-44BA-9369-3916950428EF}.Debug|Any CPU.Build.0 = Debug|Any CPU
		{75DEBB8A-75CD-44BA-9369-3916950428EF}.Release|Any CPU.ActiveCfg = Release|Any CPU
		{75DEBB8A-75CD-44BA-9369-3916950428EF}.Release|Any CPU.Build.0 = Release|Any CPU
	EndGlobalSection
	GlobalSection(NestedProjects) = preSolution
		{781BDD20-65BA-4C5D-815B-D8A15931570A} = {28851935-517F-438D-BF7C-02FEB1A37A68}
		{46E6416B-1736-478C-B697-B37BB8E6A23E} = {53D24B04-279D-4D18-8829-EA0F57AE69F3}
		{75DEBB8A-75CD-44BA-9369-3916950428EF} = {28851935-517F-438D-BF7C-02FEB1A37A68}
	EndGlobalSection
EndGlobal
